
Microsoft Visual Studio Solution File, Format Version 12.00
# Visual Studio Version 17
VisualStudioVersion = 17.11.35312.102
MinimumVisualStudioVersion = 10.0.40219.1
Project("{54A90642-561A-4BB1-A94E-469ADEE60C69}") = "calculator", "calculator.esproj", "{99BB063D-46DA-4CEC-98B6-EBDA8BA45FB5}"
EndProject
Global
	GlobalSection(SolutionConfigurationPlatforms) = preSolution
		Debug|Any CPU = Debug|Any CPU
		Release|Any CPU = Release|Any CPU
	EndGlobalSection
	GlobalSection(ProjectConfigurationPlatforms) = postSolution
		{99BB063D-46DA-4CEC-98B6-EBDA8BA45FB5}.Debug|Any CPU.ActiveCfg = Debug|Any CPU
		{99BB063D-46DA-4CEC-98B6-EBDA8BA45FB5}.Debug|Any CPU.Build.0 = Debug|Any CPU
		{99BB063D-46DA-4CEC-98B6-EBDA8BA45FB5}.Debug|Any CPU.Deploy.0 = Debug|Any CPU
		{99BB063D-46DA-4CEC-98B6-EBDA8BA45FB5}.Release|Any CPU.ActiveCfg = Release|Any CPU
		{99BB063D-46DA-4CEC-98B6-EBDA8BA45FB5}.Release|Any CPU.Build.0 = Release|Any CPU
		{99BB063D-46DA-4CEC-98B6-EBDA8BA45FB5}.Release|Any CPU.Deploy.0 = Release|Any CPU
	EndGlobalSection
	GlobalSection(SolutionProperties) = preSolution
		HideSolutionNode = FALSE
	EndGlobalSection
	GlobalSection(ExtensibilityGlobals) = postSolution
		SolutionGuid = {61878351-399F-4470-A364-43ECFE92BADF}
	EndGlobalSection
EndGlobal
