
Microsoft Visual Studio Solution File, Format Version 12.00
# Visual Studio Version 17
VisualStudioVersion = 17.10.35122.118
MinimumVisualStudioVersion = 10.0.40219.1
Project("{888888A0-9F3D-457C-B088-3A5042F75D52}") = "Vlad and Avoiding X", "Vlad and Avoiding X.pyproj", "{EC424709-2428-40B4-8675-C0A8836901DA}"
EndProject
Global
	GlobalSection(SolutionConfigurationPlatforms) = preSolution
		Debug|Any CPU = Debug|Any CPU
		Release|Any CPU = Release|Any CPU
	EndGlobalSection
	GlobalSection(ProjectConfigurationPlatforms) = postSolution
		{EC424709-2428-40B4-8675-C0A8836901DA}.Debug|Any CPU.ActiveCfg = Debug|Any CPU
		{EC424709-2428-40B4-8675-C0A8836901DA}.Release|Any CPU.ActiveCfg = Release|Any CPU
	EndGlobalSection
	GlobalSection(SolutionProperties) = preSolution
		HideSolutionNode = FALSE
	EndGlobalSection
	GlobalSection(ExtensibilityGlobals) = postSolution
		SolutionGuid = {730211CC-9EA3-419E-826E-846B72E9D1DA}
	EndGlobalSection
EndGlobal
